
Microsoft Visual Studio Solution File, Format Version 12.00
# Visual Studio 2013
VisualStudioVersion = 12.0.21005.1
MinimumVisualStudioVersion = 10.0.40219.1
Project("{FAE04EC0-301F-11D3-BF4B-00C04F79EFBC}") = "ExtractorCore", "ExtractorCore\ExtractorCore.csproj", "{82D52229-DFD2-45E1-9DA4-A69B847D90B1}"
EndProject
Project("{FAE04EC0-301F-11D3-BF4B-00C04F79EFBC}") = "ExtractorConsole", "ExtractorConsole\ExtractorConsole.csproj", "{CCDB32CC-EA33-4B06-ABFD-FB6D56E0F4BD}"
EndProject
Project("{FAE04EC0-301F-11D3-BF4B-00C04F79EFBC}") = "ExtractorService", "ExtractorService\ExtractorService.csproj", "{9F0098D7-BFCD-4D00-A8FB-8D404A1EDF6C}"
EndProject
Global
	GlobalSection(SolutionConfigurationPlatforms) = preSolution
		Debug|Any CPU = Debug|Any CPU
		Release|Any CPU = Release|Any CPU
	EndGlobalSection
	GlobalSection(ProjectConfigurationPlatforms) = postSolution
		{82D52229-DFD2-45E1-9DA4-A69B847D90B1}.Debug|Any CPU.ActiveCfg = Debug|Any CPU
		{82D52229-DFD2-45E1-9DA4-A69B847D90B1}.Debug|Any CPU.Build.0 = Debug|Any CPU
		{82D52229-DFD2-45E1-9DA4-A69B847D90B1}.Release|Any CPU.ActiveCfg = Release|Any CPU
		{82D52229-DFD2-45E1-9DA4-A69B847D90B1}.Release|Any CPU.Build.0 = Release|Any CPU
		{CCDB32CC-EA33-4B06-ABFD-FB6D56E0F4BD}.Debug|Any CPU.ActiveCfg = Debug|Any CPU
		{CCDB32CC-EA33-4B06-ABFD-FB6D56E0F4BD}.Debug|Any CPU.Build.0 = Debug|Any CPU
		{CCDB32CC-EA33-4B06-ABFD-FB6D56E0F4BD}.Release|Any CPU.ActiveCfg = Release|Any CPU
		{CCDB32CC-EA33-4B06-ABFD-FB6D56E0F4BD}.Release|Any CPU.Build.0 = Release|Any CPU
		{9F0098D7-BFCD-4D00-A8FB-8D404A1EDF6C}.Debug|Any CPU.ActiveCfg = Debug|Any CPU
		{9F0098D7-BFCD-4D00-A8FB-8D404A1EDF6C}.Debug|Any CPU.Build.0 = Debug|Any CPU
		{9F0098D7-BFCD-4D00-A8FB-8D404A1EDF6C}.Release|Any CPU.ActiveCfg = Release|Any CPU
		{9F0098D7-BFCD-4D00-A8FB-8D404A1EDF6C}.Release|Any CPU.Build.0 = Release|Any CPU
	EndGlobalSection
	GlobalSection(SolutionProperties) = preSolution
		HideSolutionNode = FALSE
	EndGlobalSection
EndGlobal
